
Microsoft Visual Studio Solution File, Format Version 12.00
# Visual Studio Version 17
VisualStudioVersion = 17.7.34031.279
MinimumVisualStudioVersion = 10.0.40219.1
Project("{FAE04EC0-301F-11D3-BF4B-00C04F79EFBC}") = "CleanArch_CQRS_MediatR.Domain", "CleanArch_CQRS_MediatR.Domain\CleanArch_CQRS_MediatR.Domain.csproj", "{B12BCB9D-D940-491B-99E0-E5FD10EA09DD}"
EndProject
Project("{FAE04EC0-301F-11D3-BF4B-00C04F79EFBC}") = "CleanArch_CQRS_MediatR.Application", "CleanArch_CQRS_MediatR.Application\CleanArch_CQRS_MediatR.Application.csproj", "{F5BEA909-0BB7-4BF0-976E-0C2B87BAADA5}"
EndProject
Project("{FAE04EC0-301F-11D3-BF4B-00C04F79EFBC}") = "CleanArch_CQRS_MediatR.Infrastructure", "CleanArch_CQRS_MediatR.Infrastructure\CleanArch_CQRS_MediatR.Infrastructure.csproj", "{061A31FC-6AE3-4497-BD33-599F1CEF710F}"
EndProject
Project("{FAE04EC0-301F-11D3-BF4B-00C04F79EFBC}") = "CleanArch_CQRS_MediatR.CrossCutting", "CleanArch_CQRS_MediatR.CrossCutting\CleanArch_CQRS_MediatR.CrossCutting.csproj", "{DC12D1A7-E193-456B-A176-816A1CD52E51}"
EndProject
Project("{FAE04EC0-301F-11D3-BF4B-00C04F79EFBC}") = "CleanArch_CQRS_MediatR.API", "CleanArch_CQRS_MediatR.API\CleanArch_CQRS_MediatR.API.csproj", "{11A6B626-FE18-4A18-BE39-4FF515C42269}"
EndProject
Global
	GlobalSection(SolutionConfigurationPlatforms) = preSolution
		Debug|Any CPU = Debug|Any CPU
		Release|Any CPU = Release|Any CPU
	EndGlobalSection
	GlobalSection(ProjectConfigurationPlatforms) = postSolution
		{B12BCB9D-D940-491B-99E0-E5FD10EA09DD}.Debug|Any CPU.ActiveCfg = Debug|Any CPU
		{B12BCB9D-D940-491B-99E0-E5FD10EA09DD}.Debug|Any CPU.Build.0 = Debug|Any CPU
		{B12BCB9D-D940-491B-99E0-E5FD10EA09DD}.Release|Any CPU.ActiveCfg = Release|Any CPU
		{B12BCB9D-D940-491B-99E0-E5FD10EA09DD}.Release|Any CPU.Build.0 = Release|Any CPU
		{F5BEA909-0BB7-4BF0-976E-0C2B87BAADA5}.Debug|Any CPU.ActiveCfg = Debug|Any CPU
		{F5BEA909-0BB7-4BF0-976E-0C2B87BAADA5}.Debug|Any CPU.Build.0 = Debug|Any CPU
		{F5BEA909-0BB7-4BF0-976E-0C2B87BAADA5}.Release|Any CPU.ActiveCfg = Release|Any CPU
		{F5BEA909-0BB7-4BF0-976E-0C2B87BAADA5}.Release|Any CPU.Build.0 = Release|Any CPU
		{061A31FC-6AE3-4497-BD33-599F1CEF710F}.Debug|Any CPU.ActiveCfg = Debug|Any CPU
		{061A31FC-6AE3-4497-BD33-599F1CEF710F}.Debug|Any CPU.Build.0 = Debug|Any CPU
		{061A31FC-6AE3-4497-BD33-599F1CEF710F}.Release|Any CPU.ActiveCfg = Release|Any CPU
		{061A31FC-6AE3-4497-BD33-599F1CEF710F}.Release|Any CPU.Build.0 = Release|Any CPU
		{DC12D1A7-E193-456B-A176-816A1CD52E51}.Debug|Any CPU.ActiveCfg = Debug|Any CPU
		{DC12D1A7-E193-456B-A176-816A1CD52E51}.Debug|Any CPU.Build.0 = Debug|Any CPU
		{DC12D1A7-E193-456B-A176-816A1CD52E51}.Release|Any CPU.ActiveCfg = Release|Any CPU
		{DC12D1A7-E193-456B-A176-816A1CD52E51}.Release|Any CPU.Build.0 = Release|Any CPU
		{11A6B626-FE18-4A18-BE39-4FF515C42269}.Debug|Any CPU.ActiveCfg = Debug|Any CPU
		{11A6B626-FE18-4A18-BE39-4FF515C42269}.Debug|Any CPU.Build.0 = Debug|Any CPU
		{11A6B626-FE18-4A18-BE39-4FF515C42269}.Release|Any CPU.ActiveCfg = Release|Any CPU
		{11A6B626-FE18-4A18-BE39-4FF515C42269}.Release|Any CPU.Build.0 = Release|Any CPU
	EndGlobalSection
	GlobalSection(SolutionProperties) = preSolution
		HideSolutionNode = FALSE
	EndGlobalSection
	GlobalSection(ExtensibilityGlobals) = postSolution
		SolutionGuid = {63EE5093-9850-48D1-8D8B-3CD27C56F49B}
	EndGlobalSection
EndGlobal
